{
    "beberlei/assert": {
        "version": "v2.9.2"
    },
    "doctrine/annotations": {
        "version": "1.0",
        "recipe": {
            "repo": "github.com/symfony/recipes",
            "branch": "master",
            "version": "1.0",
            "ref": "cb4152ebcadbe620ea2261da1a1c5a9b8cea7672"
        }
    },
    "doctrine/cache": {
        "version": "1.8.x-dev"
    },
    "doctrine/collections": {
        "version": "1.6.x-dev"
    },
    "doctrine/common": {
        "version": "2.9.x-dev"
    },
    "doctrine/dbal": {
        "version": "2.7.x-dev"
    },
    "doctrine/doctrine-bundle": {
        "version": "1.6",
        "recipe": {
            "repo": "github.com/symfony/recipes",
            "branch": "master",
            "version": "1.6",
            "ref": "44d3aa7752dd46f77ba11af2297a25e1dedfb4d0"
        }
    },
    "doctrine/doctrine-cache-bundle": {
        "version": "1.3.x-dev"
    },
    "doctrine/doctrine-migrations-bundle": {
        "version": "1.2",
        "recipe": {
            "repo": "github.com/symfony/recipes",
            "branch": "master",
            "version": "1.2",
            "ref": "c1431086fec31f17fbcfe6d6d7e92059458facc1"
        }
    },
    "doctrine/inflector": {
        "version": "1.3.x-dev"
    },
    "doctrine/instantiator": {
        "version": "1.2.x-dev"
    },
    "doctrine/lexer": {
        "version": "1.0.x-dev"
    },
    "doctrine/migrations": {
        "version": "v1.7.x-dev"
    },
    "doctrine/orm": {
        "version": "2.7.x-dev"
    },
    "jdorn/sql-formatter": {
        "version": "1.3.x-dev"
    },
    "lstrojny/functional-php": {
        "version": "1.7.0"
    },
    "marc-mabe/php-enum": {
        "version": "3.0-dev"
    },
    "ocramius/package-versions": {
        "version": "1.2.0"
    },
    "ocramius/proxy-manager": {
        "version": "2.1.x-dev"
    },
    "paragonie/random_compat": {
        "version": "v2.0.11"
    },
    "prooph/common": {
        "version": "v4.2.1"
    },
    "prooph/event-sourcing": {
        "version": "v5.3.0"
    },
    "prooph/event-store": {
        "version": "7.3-dev"
    },
    "prooph/event-store-symfony-bundle": {
        "version": "1.0-dev"
    },
    "prooph/pdo-event-store": {
        "version": "1.7-dev"
    },
    "prooph/service-bus": {
        "version": "v6.2.1"
    },
    "prooph/service-bus-symfony-bundle": {
        "version": "v0.6.0"
    },
    "psr/cache": {
        "version": "1.0.x-dev"
    },
    "psr/container": {
        "version": "1.0.x-dev"
    },
    "psr/log": {
        "version": "1.0.x-dev"
    },
    "psr/simple-cache": {
        "version": "1.0.x-dev"
    },
    "ramsey/uuid": {
        "version": "3.x-dev"
    },
    "react/promise": {
        "version": "dev-master"
    },
    "symfony/cache": {
        "version": "4.0.x-dev"
    },
    "symfony/class-loader": {
        "version": "3.4.x-dev"
    },
    "symfony/config": {
        "version": "3.4.x-dev"
    },
    "symfony/console": {
        "version": "3.3",
        "recipe": {
            "repo": "github.com/symfony/recipes",
            "branch": "master",
            "version": "3.3",
            "ref": "9f94d3ea453cd8a3b95db7f82592d7344fe3a76a"
        }
    },
    "symfony/debug": {
        "version": "4.0.x-dev"
    },
    "symfony/dependency-injection": {
        "version": "3.4.x-dev"
    },
    "symfony/doctrine-bridge": {
        "version": "4.0.x-dev"
    },
    "symfony/dotenv": {
        "version": "4.0.x-dev"
    },
    "symfony/event-dispatcher": {
        "version": "4.0.x-dev"
    },
    "symfony/filesystem": {
        "version": "4.0.x-dev"
    },
    "symfony/finder": {
        "version": "4.0.x-dev"
    },
    "symfony/flex": {
        "version": "1.0",
        "recipe": {
            "repo": "github.com/symfony/recipes",
            "branch": "master",
            "version": "1.0",
            "ref": "cc1afd81841db36fbef982fe56b48ade6716fac4"
        }
    },
    "symfony/framework-bundle": {
        "version": "3.3",
        "recipe": {
            "repo": "github.com/symfony/recipes",
            "branch": "master",
            "version": "3.3",
            "ref": "bbcffba11c937f47556c7b8db655c0333ac509f9"
        }
    },
    "symfony/http-foundation": {
        "version": "4.0.x-dev"
    },
    "symfony/http-kernel": {
        "version": "3.4.x-dev"
    },
    "symfony/lts": {
        "version": "4-dev"
    },
    "symfony/orm-pack": {
        "version": "dev-master"
    },
    "symfony/phpunit-bridge": {
        "version": "3.3",
        "recipe": {
            "repo": "github.com/symfony/recipes",
            "branch": "master",
            "version": "3.3",
            "ref": "179470cb6492db92dffee208cfdb436f175c93b4"
        }
    },
    "symfony/polyfill-mbstring": {
        "version": "1.6-dev"
    },
    "symfony/process": {
        "version": "4.0.x-dev"
    },
    "symfony/routing": {
        "version": "4.0",
        "recipe": {
            "repo": "github.com/symfony/recipes",
            "branch": "master",
            "version": "4.0",
            "ref": "cda8b550123383d25827705d05a42acf6819fe4e"
        }
    },
    "symfony/web-server-bundle": {
        "version": "3.3",
        "recipe": {
            "repo": "github.com/symfony/recipes",
            "branch": "master",
            "version": "3.3",
            "ref": "c72d107d077f1654428edaed69415d0228c1aefe"
        }
    },
    "symfony/yaml": {
        "version": "4.0.x-dev"
    },
    "zendframework/zend-code": {
        "version": "3.3-dev"
    },
    "zendframework/zend-eventmanager": {
        "version": "3.3-dev"
    }
}
